
Microsoft Visual Studio Solution File, Format Version 12.00
# Visual Studio 15
VisualStudioVersion = 15.0.28307.271
MinimumVisualStudioVersion = 10.0.40219.1
Project("{FAE04EC0-301F-11D3-BF4B-00C04F79EFBC}") = "Sgtin96.Console", "Sgtin96.Console\Sgtin96.Console.csproj", "{D34ED6DA-49E0-4BAB-8131-2EC815B31D0F}"
EndProject
Project("{9A19103F-16F7-4668-BE54-9A1E7A4F7556}") = "Sgtin96", "Sgtin96\Sgtin96\Sgtin96.csproj", "{C6F3107B-DBE9-4878-BDAF-6C4956EA0C84}"
EndProject
Global
	GlobalSection(SolutionConfigurationPlatforms) = preSolution
		Debug|Any CPU = Debug|Any CPU
		Release|Any CPU = Release|Any CPU
	EndGlobalSection
	GlobalSection(ProjectConfigurationPlatforms) = postSolution
		{D34ED6DA-49E0-4BAB-8131-2EC815B31D0F}.Debug|Any CPU.ActiveCfg = Debug|Any CPU
		{D34ED6DA-49E0-4BAB-8131-2EC815B31D0F}.Debug|Any CPU.Build.0 = Debug|Any CPU
		{D34ED6DA-49E0-4BAB-8131-2EC815B31D0F}.Release|Any CPU.ActiveCfg = Release|Any CPU
		{D34ED6DA-49E0-4BAB-8131-2EC815B31D0F}.Release|Any CPU.Build.0 = Release|Any CPU
		{C6F3107B-DBE9-4878-BDAF-6C4956EA0C84}.Debug|Any CPU.ActiveCfg = Debug|Any CPU
		{C6F3107B-DBE9-4878-BDAF-6C4956EA0C84}.Debug|Any CPU.Build.0 = Debug|Any CPU
		{C6F3107B-DBE9-4878-BDAF-6C4956EA0C84}.Release|Any CPU.ActiveCfg = Release|Any CPU
		{C6F3107B-DBE9-4878-BDAF-6C4956EA0C84}.Release|Any CPU.Build.0 = Release|Any CPU
	EndGlobalSection
	GlobalSection(SolutionProperties) = preSolution
		HideSolutionNode = FALSE
	EndGlobalSection
	GlobalSection(ExtensibilityGlobals) = postSolution
		SolutionGuid = {E169C985-F326-4AD1-BC53-1DE2B56F44C0}
	EndGlobalSection
EndGlobal
